<?xml version="1.0" encoding="utf-8"?>
<Project ToolsVersion="4.0" xmlns="http://schemas.microsoft.com/developer/msbuild/2003">
  <ItemGroup>
    <Filter Include="OEP">
      <UniqueIdentifier>{290C880B-9515-887C-1E91-9E7C8A99937C}</UniqueIdentifier>
    </Filter>
    <Filter Include="OEP\Events">
      <UniqueIdentifier>{ED4F837A-D907-C5C7-420F-9E232EE65FB8}</UniqueIdentifier>
    </Filter>
  </ItemGroup>
  <ItemGroup>
    <ClInclude Include="src\OEP.h" />
    <ClInclude Include="src\OEP\Application.h">
      <Filter>OEP</Filter>
    </ClInclude>
    <ClInclude Include="src\OEP\Core.h">
      <Filter>OEP</Filter>
    </ClInclude>
    <ClInclude Include="src\OEP\EntryPoint.h">
      <Filter>OEP</Filter>
    </ClInclude>
    <ClInclude Include="src\OEP\Events\ApplicationEvent.h">
      <Filter>OEP\Events</Filter>
    </ClInclude>
    <ClInclude Include="src\OEP\Events\Event.h">
      <Filter>OEP\Events</Filter>
    </ClInclude>
    <ClInclude Include="src\OEP\Events\KeyEvent.h">
      <Filter>OEP\Events</Filter>
    </ClInclude>
    <ClInclude Include="src\OEP\Events\MouseEvent.h">
      <Filter>OEP\Events</Filter>
    </ClInclude>
    <ClInclude Include="src\OEP\Log.h">
      <Filter>OEP</Filter>
    </ClInclude>
    <ClInclude Include="src\oeppch.h" />
  </ItemGroup>
  <ItemGroup>
    <ClCompile Include="src\OEP\Application.cpp">
      <Filter>OEP</Filter>
    </ClCompile>
    <ClCompile Include="src\OEP\Log.cpp">
      <Filter>OEP</Filter>
    </ClCompile>
    <ClCompile Include="src\oeppch.cpp" />
  </ItemGroup>
</Project>