<?xml version="1.0" encoding="utf-8"?>
<Project ToolsVersion="4.0" xmlns="http://schemas.microsoft.com/developer/msbuild/2003">
  <ItemGroup>
    <ClInclude Include="src\Test.h" />
    <ClInclude Include="src\OEP\Core.h" />
    <ClInclude Include="src\OEP\Application.h" />
    <ClInclude Include="src\OEP.h" />
    <ClInclude Include="src\OEP\EntryPoint.h" />
  </ItemGroup>
  <ItemGroup>
    <ClCompile Include="src\OEP\Application.cpp" />
    <ClCompile Include="src\Test.cpp" />
  </ItemGroup>
</Project>